{
  "requires": true,
  "lockfileVersion": 1,
  "dependencies": {
    "gsap": {
      "version": "npm:@gsap/member@3.7.0",
      "resolved": "https://npm.greensock.com/@gsap%2fmember/-/member-3.7.0.tgz",
      "integrity": "sha512-kiecpe08dAYqdz2n7wFs3n1XeF/z4ifP7LLHcu4OyGqFCD0o7cwih/0XRFlVYxgLlju+0XG+n3TcKtcBPGfSpg=="
    }
  }
}
